// !$*UTF8*$!
{
	archiveVersion = 1;
	classes = {
	};
	objectVersion = 46;
	objects = {

/* Begin PBXBuildFile section */
		357A8B848A61E98ADEB84A84 /* Pods_TestApp.framework in Frameworks */ = {isa = PBXBuildFile; fileRef = A4BD3BD8E3C01903C5A02A89 /* Pods_TestApp.framework */; };
		8B4A975E1CDB21D6007F3439 /* FellowWorker.swift in Sources */ = {isa = PBXBuildFile; fileRef = 8B4A975C1CDB21D6007F3439 /* FellowWorker.swift */; };
		8B4A976A1CDB2766007F3439 /* TabBarController.swift in Sources */ = {isa = PBXBuildFile; fileRef = 8B4A97681CDB2766007F3439 /* TabBarController.swift */; };
		8B4A976B1CDB2766007F3439 /* TabBarController.xib in Resources */ = {isa = PBXBuildFile; fileRef = 8B4A97691CDB2766007F3439 /* TabBarController.xib */; };
		8B4A977C1CDB2B5B007F3439 /* LoadingViewController.swift in Sources */ = {isa = PBXBuildFile; fileRef = 8B4A977A1CDB2B5B007F3439 /* LoadingViewController.swift */; };
		8B4A977D1CDB2B5B007F3439 /* LoadingViewController.xib in Resources */ = {isa = PBXBuildFile; fileRef = 8B4A977B1CDB2B5B007F3439 /* LoadingViewController.xib */; };
		8B58B3F31CDA0863008F6C35 /* AppDelegate.swift in Sources */ = {isa = PBXBuildFile; fileRef = 8B58B3F21CDA0863008F6C35 /* AppDelegate.swift */; };
		8B58B3FA1CDA0863008F6C35 /* Assets.xcassets in Resources */ = {isa = PBXBuildFile; fileRef = 8B58B3F91CDA0863008F6C35 /* Assets.xcassets */; };
		8B58B3FD1CDA0863008F6C35 /* LaunchScreen.storyboard in Resources */ = {isa = PBXBuildFile; fileRef = 8B58B3FB1CDA0863008F6C35 /* LaunchScreen.storyboard */; };
		8B58B4251CDA0AC1008F6C35 /* MainViewController.swift in Sources */ = {isa = PBXBuildFile; fileRef = 8B58B4231CDA0AC1008F6C35 /* MainViewController.swift */; };
		8B58B4261CDA0AC1008F6C35 /* MainViewController.xib in Resources */ = {isa = PBXBuildFile; fileRef = 8B58B4241CDA0AC1008F6C35 /* MainViewController.xib */; };
		8B58B4431CDA197F008F6C35 /* Person.swift in Sources */ = {isa = PBXBuildFile; fileRef = 8B58B4411CDA197F008F6C35 /* Person.swift */; };
		8B58B44A1CDA1A40008F6C35 /* Leadership.swift in Sources */ = {isa = PBXBuildFile; fileRef = 8B58B4481CDA1A40008F6C35 /* Leadership.swift */; };
		8B58B44E1CDA2175008F6C35 /* Accountant.swift in Sources */ = {isa = PBXBuildFile; fileRef = 8B58B44C1CDA2175008F6C35 /* Accountant.swift */; };
		8B58B4521CDA21A0008F6C35 /* Employee.swift in Sources */ = {isa = PBXBuildFile; fileRef = 8B58B4501CDA21A0008F6C35 /* Employee.swift */; };
/* End PBXBuildFile section */

/* Begin PBXFileReference section */
		053D62DCD8026416175733AC /* Pods-TestApp.release.xcconfig */ = {isa = PBXFileReference; includeInIndex = 1; lastKnownFileType = text.xcconfig; name = "Pods-TestApp.release.xcconfig"; path = "Pods/Target Support Files/Pods-TestApp/Pods-TestApp.release.xcconfig"; sourceTree = "<group>"; };
		831F371B845EA93F250D05A7 /* Pods-TestApp.debug.xcconfig */ = {isa = PBXFileReference; includeInIndex = 1; lastKnownFileType = text.xcconfig; name = "Pods-TestApp.debug.xcconfig"; path = "Pods/Target Support Files/Pods-TestApp/Pods-TestApp.debug.xcconfig"; sourceTree = "<group>"; };
		8B4A975C1CDB21D6007F3439 /* FellowWorker.swift */ = {isa = PBXFileReference; fileEncoding = 4; lastKnownFileType = sourcecode.swift; name = FellowWorker.swift; path = TestApp/Model/FellowWorker.swift; sourceTree = SOURCE_ROOT; };
		8B4A97681CDB2766007F3439 /* TabBarController.swift */ = {isa = PBXFileReference; fileEncoding = 4; lastKnownFileType = sourcecode.swift; name = TabBarController.swift; path = TestApp/ViewControllers/TabBarController.swift; sourceTree = SOURCE_ROOT; };
		8B4A97691CDB2766007F3439 /* TabBarController.xib */ = {isa = PBXFileReference; fileEncoding = 4; lastKnownFileType = file.xib; name = TabBarController.xib; path = TestApp/ViewControllers/TabBarController.xib; sourceTree = SOURCE_ROOT; };
		8B4A977A1CDB2B5B007F3439 /* LoadingViewController.swift */ = {isa = PBXFileReference; fileEncoding = 4; lastKnownFileType = sourcecode.swift; name = LoadingViewController.swift; path = TestApp/ViewControllers/LoadingViewController.swift; sourceTree = SOURCE_ROOT; };
		8B4A977B1CDB2B5B007F3439 /* LoadingViewController.xib */ = {isa = PBXFileReference; fileEncoding = 4; lastKnownFileType = file.xib; name = LoadingViewController.xib; path = TestApp/ViewControllers/LoadingViewController.xib; sourceTree = SOURCE_ROOT; };
		8B58B3EF1CDA0863008F6C35 /* TestApp.app */ = {isa = PBXFileReference; explicitFileType = wrapper.application; includeInIndex = 0; path = TestApp.app; sourceTree = BUILT_PRODUCTS_DIR; };
		8B58B3F21CDA0863008F6C35 /* AppDelegate.swift */ = {isa = PBXFileReference; lastKnownFileType = sourcecode.swift; path = AppDelegate.swift; sourceTree = "<group>"; };
		8B58B3F91CDA0863008F6C35 /* Assets.xcassets */ = {isa = PBXFileReference; lastKnownFileType = folder.assetcatalog; path = Assets.xcassets; sourceTree = "<group>"; };
		8B58B3FC1CDA0863008F6C35 /* Base */ = {isa = PBXFileReference; lastKnownFileType = file.storyboard; name = Base; path = Base.lproj/LaunchScreen.storyboard; sourceTree = "<group>"; };
		8B58B3FE1CDA0863008F6C35 /* Info.plist */ = {isa = PBXFileReference; lastKnownFileType = text.plist.xml; path = Info.plist; sourceTree = "<group>"; };
		8B58B4231CDA0AC1008F6C35 /* MainViewController.swift */ = {isa = PBXFileReference; fileEncoding = 4; lastKnownFileType = sourcecode.swift; name = MainViewController.swift; path = TestApp/ViewControllers/Main/MainViewController.swift; sourceTree = SOURCE_ROOT; };
		8B58B4241CDA0AC1008F6C35 /* MainViewController.xib */ = {isa = PBXFileReference; fileEncoding = 4; lastKnownFileType = file.xib; name = MainViewController.xib; path = TestApp/ViewControllers/Main/MainViewController.xib; sourceTree = SOURCE_ROOT; };
		8B58B4411CDA197F008F6C35 /* Person.swift */ = {isa = PBXFileReference; fileEncoding = 4; lastKnownFileType = sourcecode.swift; name = Person.swift; path = TestApp/Model/Person.swift; sourceTree = SOURCE_ROOT; };
		8B58B4481CDA1A40008F6C35 /* Leadership.swift */ = {isa = PBXFileReference; fileEncoding = 4; lastKnownFileType = sourcecode.swift; name = Leadership.swift; path = TestApp/Model/Leadership.swift; sourceTree = SOURCE_ROOT; };
		8B58B44C1CDA2175008F6C35 /* Accountant.swift */ = {isa = PBXFileReference; fileEncoding = 4; lastKnownFileType = sourcecode.swift; name = Accountant.swift; path = TestApp/Model/Accountant.swift; sourceTree = SOURCE_ROOT; };
		8B58B4501CDA21A0008F6C35 /* Employee.swift */ = {isa = PBXFileReference; fileEncoding = 4; lastKnownFileType = sourcecode.swift; name = Employee.swift; path = TestApp/Model/Employee.swift; sourceTree = SOURCE_ROOT; };
		A4BD3BD8E3C01903C5A02A89 /* Pods_TestApp.framework */ = {isa = PBXFileReference; explicitFileType = wrapper.framework; includeInIndex = 0; path = Pods_TestApp.framework; sourceTree = BUILT_PRODUCTS_DIR; };
/* End PBXFileReference section */

/* Begin PBXFrameworksBuildPhase section */
		8B58B3EC1CDA0863008F6C35 /* Frameworks */ = {
			isa = PBXFrameworksBuildPhase;
			buildActionMask = 2147483647;
			files = (
				357A8B848A61E98ADEB84A84 /* Pods_TestApp.framework in Frameworks */,
			);
			runOnlyForDeploymentPostprocessing = 0;
		};
/* End PBXFrameworksBuildPhase section */

/* Begin PBXGroup section */
		3F6CE5B3823A5F5B837CDA59 /* Frameworks */ = {
			isa = PBXGroup;
			children = (
				A4BD3BD8E3C01903C5A02A89 /* Pods_TestApp.framework */,
			);
			name = Frameworks;
			sourceTree = "<group>";
		};
		8B4A97671CDB270B007F3439 /* Tab */ = {
			isa = PBXGroup;
			children = (
				8B4A97681CDB2766007F3439 /* TabBarController.swift */,
				8B4A97691CDB2766007F3439 /* TabBarController.xib */,
			);
			name = Tab;
			sourceTree = "<group>";
		};
		8B58B3E61CDA0863008F6C35 = {
			isa = PBXGroup;
			children = (
				8B58B3F11CDA0863008F6C35 /* TestApp */,
				8B58B3F01CDA0863008F6C35 /* Products */,
				E2FDDB4E1538DFDEFD23553B /* Pods */,
				3F6CE5B3823A5F5B837CDA59 /* Frameworks */,
			);
			sourceTree = "<group>";
		};
		8B58B3F01CDA0863008F6C35 /* Products */ = {
			isa = PBXGroup;
			children = (
				8B58B3EF1CDA0863008F6C35 /* TestApp.app */,
			);
			name = Products;
			sourceTree = "<group>";
		};
		8B58B3F11CDA0863008F6C35 /* TestApp */ = {
			isa = PBXGroup;
			children = (
				8B58B4051CDA09A3008F6C35 /* Model */,
				8B58B40C1CDA09A3008F6C35 /* ViewControllers */,
				8B58B4171CDA09A3008F6C35 /* Views */,
				8B58B3F91CDA0863008F6C35 /* Assets.xcassets */,
				8B58B3F21CDA0863008F6C35 /* AppDelegate.swift */,
				8B58B3FB1CDA0863008F6C35 /* LaunchScreen.storyboard */,
				8B58B3FE1CDA0863008F6C35 /* Info.plist */,
			);
			path = TestApp;
			sourceTree = "<group>";
		};
		8B58B4051CDA09A3008F6C35 /* Model */ = {
			isa = PBXGroup;
			children = (
				8B58B4411CDA197F008F6C35 /* Person.swift */,
				8B58B4501CDA21A0008F6C35 /* Employee.swift */,
				8B4A975C1CDB21D6007F3439 /* FellowWorker.swift */,
				8B58B44C1CDA2175008F6C35 /* Accountant.swift */,
				8B58B4481CDA1A40008F6C35 /* Leadership.swift */,
			);
			name = Model;
			path = ../../WeatherMap/WeatherMap;
			sourceTree = "<group>";
		};
		8B58B40C1CDA09A3008F6C35 /* ViewControllers */ = {
			isa = PBXGroup;
			children = (
				8B4A97671CDB270B007F3439 /* Tab */,
				8B58B4371CDA164A008F6C35 /* Loading */,
				8B58B4271CDA0AC9008F6C35 /* Main */,
			);
			name = ViewControllers;
			path = ../../WeatherMap/WeatherMap;
			sourceTree = "<group>";
		};
		8B58B4101CDA09A3008F6C35 /* Cells */ = {
			isa = PBXGroup;
			children = (
			);
			name = Cells;
			sourceTree = "<group>";
		};
		8B58B4171CDA09A3008F6C35 /* Views */ = {
			isa = PBXGroup;
			children = (
				8B58B4101CDA09A3008F6C35 /* Cells */,
			);
			name = Views;
			path = ../../WeatherMap/WeatherMap;
			sourceTree = "<group>";
		};
		8B58B4271CDA0AC9008F6C35 /* Main */ = {
			isa = PBXGroup;
			children = (
				8B58B4231CDA0AC1008F6C35 /* MainViewController.swift */,
				8B58B4241CDA0AC1008F6C35 /* MainViewController.xib */,
			);
			name = Main;
			sourceTree = "<group>";
		};
		8B58B4371CDA164A008F6C35 /* Loading */ = {
			isa = PBXGroup;
			children = (
				8B4A977A1CDB2B5B007F3439 /* LoadingViewController.swift */,
				8B4A977B1CDB2B5B007F3439 /* LoadingViewController.xib */,
			);
			name = Loading;
			sourceTree = "<group>";
		};
		E2FDDB4E1538DFDEFD23553B /* Pods */ = {
			isa = PBXGroup;
			children = (
				831F371B845EA93F250D05A7 /* Pods-TestApp.debug.xcconfig */,
				053D62DCD8026416175733AC /* Pods-TestApp.release.xcconfig */,
			);
			name = Pods;
			sourceTree = "<group>";
		};
/* End PBXGroup section */

/* Begin PBXNativeTarget section */
		8B58B3EE1CDA0863008F6C35 /* TestApp */ = {
			isa = PBXNativeTarget;
			buildConfigurationList = 8B58B4011CDA0863008F6C35 /* Build configuration list for PBXNativeTarget "TestApp" */;
			buildPhases = (
				06F2820D1B71B5D097565B82 /* Check Pods Manifest.lock */,
				8B58B3EB1CDA0863008F6C35 /* Sources */,
				8B58B3EC1CDA0863008F6C35 /* Frameworks */,
				8B58B3ED1CDA0863008F6C35 /* Resources */,
				5DF06E3738204BA741C5AB8A /* Embed Pods Frameworks */,
				09E7A0A3F9B2C33CF6D04F58 /* Copy Pods Resources */,
			);
			buildRules = (
			);
			dependencies = (
			);
			name = TestApp;
			productName = TestApp;
			productReference = 8B58B3EF1CDA0863008F6C35 /* TestApp.app */;
			productType = "com.apple.product-type.application";
		};
/* End PBXNativeTarget section */

/* Begin PBXProject section */
		8B58B3E71CDA0863008F6C35 /* Project object */ = {
			isa = PBXProject;
			attributes = {
				LastSwiftUpdateCheck = 0730;
				LastUpgradeCheck = 0730;
				ORGANIZATIONNAME = developer;
				TargetAttributes = {
					8B58B3EE1CDA0863008F6C35 = {
						CreatedOnToolsVersion = 7.3;
					};
				};
			};
			buildConfigurationList = 8B58B3EA1CDA0863008F6C35 /* Build configuration list for PBXProject "TestApp" */;
			compatibilityVersion = "Xcode 3.2";
			developmentRegion = English;
			hasScannedForEncodings = 0;
			knownRegions = (
				en,
				Base,
			);
			mainGroup = 8B58B3E61CDA0863008F6C35;
			productRefGroup = 8B58B3F01CDA0863008F6C35 /* Products */;
			projectDirPath = "";
			projectRoot = "";
			targets = (
				8B58B3EE1CDA0863008F6C35 /* TestApp */,
			);
		};
/* End PBXProject section */

/* Begin PBXResourcesBuildPhase section */
		8B58B3ED1CDA0863008F6C35 /* Resources */ = {
			isa = PBXResourcesBuildPhase;
			buildActionMask = 2147483647;
			files = (
				8B58B3FD1CDA0863008F6C35 /* LaunchScreen.storyboard in Resources */,
				8B58B3FA1CDA0863008F6C35 /* Assets.xcassets in Resources */,
				8B4A976B1CDB2766007F3439 /* TabBarController.xib in Resources */,
				8B4A977D1CDB2B5B007F3439 /* LoadingViewController.xib in Resources */,
				8B58B4261CDA0AC1008F6C35 /* MainViewController.xib in Resources */,
			);
			runOnlyForDeploymentPostprocessing = 0;
		};
/* End PBXResourcesBuildPhase section */

/* Begin PBXShellScriptBuildPhase section */
		06F2820D1B71B5D097565B82 /* Check Pods Manifest.lock */ = {
			isa = PBXShellScriptBuildPhase;
			buildActionMask = 2147483647;
			files = (
			);
			inputPaths = (
			);
			name = "Check Pods Manifest.lock";
			outputPaths = (
			);
			runOnlyForDeploymentPostprocessing = 0;
			shellPath = /bin/sh;
			shellScript = "diff \"${PODS_ROOT}/../Podfile.lock\" \"${PODS_ROOT}/Manifest.lock\" > /dev/null\nif [[ $? != 0 ]] ; then\n    cat << EOM\nerror: The sandbox is not in sync with the Podfile.lock. Run 'pod install' or update your CocoaPods installation.\nEOM\n    exit 1\nfi\n";
			showEnvVarsInLog = 0;
		};
		09E7A0A3F9B2C33CF6D04F58 /* Copy Pods Resources */ = {
			isa = PBXShellScriptBuildPhase;
			buildActionMask = 2147483647;
			files = (
			);
			inputPaths = (
			);
			name = "Copy Pods Resources";
			outputPaths = (
			);
			runOnlyForDeploymentPostprocessing = 0;
			shellPath = /bin/sh;
			shellScript = "\"${SRCROOT}/Pods/Target Support Files/Pods-TestApp/Pods-TestApp-resources.sh\"\n";
			showEnvVarsInLog = 0;
		};
		5DF06E3738204BA741C5AB8A /* Embed Pods Frameworks */ = {
			isa = PBXShellScriptBuildPhase;
			buildActionMask = 2147483647;
			files = (
			);
			inputPaths = (
			);
			name = "Embed Pods Frameworks";
			outputPaths = (
			);
			runOnlyForDeploymentPostprocessing = 0;
			shellPath = /bin/sh;
			shellScript = "\"${SRCROOT}/Pods/Target Support Files/Pods-TestApp/Pods-TestApp-frameworks.sh\"\n";
			showEnvVarsInLog = 0;
		};
/* End PBXShellScriptBuildPhase section */

/* Begin PBXSourcesBuildPhase section */
		8B58B3EB1CDA0863008F6C35 /* Sources */ = {
			isa = PBXSourcesBuildPhase;
			buildActionMask = 2147483647;
			files = (
				8B58B44A1CDA1A40008F6C35 /* Leadership.swift in Sources */,
				8B4A975E1CDB21D6007F3439 /* FellowWorker.swift in Sources */,
				8B58B4521CDA21A0008F6C35 /* Employee.swift in Sources */,
				8B4A976A1CDB2766007F3439 /* TabBarController.swift in Sources */,
				8B58B4431CDA197F008F6C35 /* Person.swift in Sources */,
				8B58B4251CDA0AC1008F6C35 /* MainViewController.swift in Sources */,
				8B4A977C1CDB2B5B007F3439 /* LoadingViewController.swift in Sources */,
				8B58B44E1CDA2175008F6C35 /* Accountant.swift in Sources */,
				8B58B3F31CDA0863008F6C35 /* AppDelegate.swift in Sources */,
			);
			runOnlyForDeploymentPostprocessing = 0;
		};
/* End PBXSourcesBuildPhase section */

/* Begin PBXVariantGroup section */
		8B58B3FB1CDA0863008F6C35 /* LaunchScreen.storyboard */ = {
			isa = PBXVariantGroup;
			children = (
				8B58B3FC1CDA0863008F6C35 /* Base */,
			);
			name = LaunchScreen.storyboard;
			sourceTree = "<group>";
		};
/* End PBXVariantGroup section */

/* Begin XCBuildConfiguration section */
		8B58B3FF1CDA0863008F6C35 /* Debug */ = {
			isa = XCBuildConfiguration;
			buildSettings = {
				ALWAYS_SEARCH_USER_PATHS = NO;
				CLANG_ANALYZER_NONNULL = YES;
				CLANG_CXX_LANGUAGE_STANDARD = "gnu++0x";
				CLANG_CXX_LIBRARY = "libc++";
				CLANG_ENABLE_MODULES = YES;
				CLANG_ENABLE_OBJC_ARC = YES;
				CLANG_WARN_BOOL_CONVERSION = YES;
				CLANG_WARN_CONSTANT_CONVERSION = YES;
				CLANG_WARN_DIRECT_OBJC_ISA_USAGE = YES_ERROR;
				CLANG_WARN_EMPTY_BODY = YES;
				CLANG_WARN_ENUM_CONVERSION = YES;
				CLANG_WARN_INT_CONVERSION = YES;
				CLANG_WARN_OBJC_ROOT_CLASS = YES_ERROR;
				CLANG_WARN_UNREACHABLE_CODE = YES;
				CLANG_WARN__DUPLICATE_METHOD_MATCH = YES;
				"CODE_SIGN_IDENTITY[sdk=iphoneos*]" = "iPhone Developer";
				COPY_PHASE_STRIP = NO;
				DEBUG_INFORMATION_FORMAT = dwarf;
				ENABLE_STRICT_OBJC_MSGSEND = YES;
				ENABLE_TESTABILITY = YES;
				GCC_C_LANGUAGE_STANDARD = gnu99;
				GCC_DYNAMIC_NO_PIC = NO;
				GCC_NO_COMMON_BLOCKS = YES;
				GCC_OPTIMIZATION_LEVEL = 0;
				GCC_PREPROCESSOR_DEFINITIONS = (
					"DEBUG=1",
					"$(inherited)",
				);
				GCC_WARN_64_TO_32_BIT_CONVERSION = YES;
				GCC_WARN_ABOUT_RETURN_TYPE = YES_ERROR;
				GCC_WARN_UNDECLARED_SELECTOR = YES;
				GCC_WARN_UNINITIALIZED_AUTOS = YES_AGGRESSIVE;
				GCC_WARN_UNUSED_FUNCTION = YES;
				GCC_WARN_UNUSED_VARIABLE = YES;
				IPHONEOS_DEPLOYMENT_TARGET = 9.3;
				MTL_ENABLE_DEBUG_INFO = YES;
				ONLY_ACTIVE_ARCH = YES;
				SDKROOT = iphoneos;
				SWIFT_OPTIMIZATION_LEVEL = "-Onone";
				TARGETED_DEVICE_FAMILY = "1,2";
			};
			name = Debug;
		};
		8B58B4001CDA0863008F6C35 /* Release */ = {
			isa = XCBuildConfiguration;
			buildSettings = {
				ALWAYS_SEARCH_USER_PATHS = NO;
				CLANG_ANALYZER_NONNULL = YES;
				CLANG_CXX_LANGUAGE_STANDARD = "gnu++0x";
				CLANG_CXX_LIBRARY = "libc++";
				CLANG_ENABLE_MODULES = YES;
				CLANG_ENABLE_OBJC_ARC = YES;
				CLANG_WARN_BOOL_CONVERSION = YES;
				CLANG_WARN_CONSTANT_CONVERSION = YES;
				CLANG_WARN_DIRECT_OBJC_ISA_USAGE = YES_ERROR;
				CLANG_WARN_EMPTY_BODY = YES;
				CLANG_WARN_ENUM_CONVERSION = YES;
				CLANG_WARN_INT_CONVERSION = YES;
				CLANG_WARN_OBJC_ROOT_CLASS = YES_ERROR;
				CLANG_WARN_UNREACHABLE_CODE = YES;
				CLANG_WARN__DUPLICATE_METHOD_MATCH = YES;
				"CODE_SIGN_IDENTITY[sdk=iphoneos*]" = "iPhone Developer";
				COPY_PHASE_STRIP = NO;
				DEBUG_INFORMATION_FORMAT = "dwarf-with-dsym";
				ENABLE_NS_ASSERTIONS = NO;
				ENABLE_STRICT_OBJC_MSGSEND = YES;
				GCC_C_LANGUAGE_STANDARD = gnu99;
				GCC_NO_COMMON_BLOCKS = YES;
				GCC_WARN_64_TO_32_BIT_CONVERSION = YES;
				GCC_WARN_ABOUT_RETURN_TYPE = YES_ERROR;
				GCC_WARN_UNDECLARED_SELECTOR = YES;
				GCC_WARN_UNINITIALIZED_AUTOS = YES_AGGRESSIVE;
				GCC_WARN_UNUSED_FUNCTION = YES;
				GCC_WARN_UNUSED_VARIABLE = YES;
				IPHONEOS_DEPLOYMENT_TARGET = 9.3;
				MTL_ENABLE_DEBUG_INFO = NO;
				SDKROOT = iphoneos;
				TARGETED_DEVICE_FAMILY = "1,2";
				VALIDATE_PRODUCT = YES;
			};
			name = Release;
		};
		8B58B4021CDA0863008F6C35 /* Debug */ = {
			isa = XCBuildConfiguration;
			baseConfigurationReference = 831F371B845EA93F250D05A7 /* Pods-TestApp.debug.xcconfig */;
			buildSettings = {
				ASSETCATALOG_COMPILER_APPICON_NAME = AppIcon;
				INFOPLIST_FILE = TestApp/Info.plist;
				LD_RUNPATH_SEARCH_PATHS = "$(inherited) @executable_path/Frameworks";
				PRODUCT_BUNDLE_IDENTIFIER = com.my.temp.TestApp;
				PRODUCT_NAME = "$(TARGET_NAME)";
			};
			name = Debug;
		};
		8B58B4031CDA0863008F6C35 /* Release */ = {
			isa = XCBuildConfiguration;
			baseConfigurationReference = 053D62DCD8026416175733AC /* Pods-TestApp.release.xcconfig */;
			buildSettings = {
				ASSETCATALOG_COMPILER_APPICON_NAME = AppIcon;
				INFOPLIST_FILE = TestApp/Info.plist;
				LD_RUNPATH_SEARCH_PATHS = "$(inherited) @executable_path/Frameworks";
				PRODUCT_BUNDLE_IDENTIFIER = com.my.temp.TestApp;
				PRODUCT_NAME = "$(TARGET_NAME)";
			};
			name = Release;
		};
/* End XCBuildConfiguration section */

/* Begin XCConfigurationList section */
		8B58B3EA1CDA0863008F6C35 /* Build configuration list for PBXProject "TestApp" */ = {
			isa = XCConfigurationList;
			buildConfigurations = (
				8B58B3FF1CDA0863008F6C35 /* Debug */,
				8B58B4001CDA0863008F6C35 /* Release */,
			);
			defaultConfigurationIsVisible = 0;
			defaultConfigurationName = Release;
		};
		8B58B4011CDA0863008F6C35 /* Build configuration list for PBXNativeTarget "TestApp" */ = {
			isa = XCConfigurationList;
			buildConfigurations = (
				8B58B4021CDA0863008F6C35 /* Debug */,
				8B58B4031CDA0863008F6C35 /* Release */,
			);
			defaultConfigurationIsVisible = 0;
			defaultConfigurationName = Release;
		};
/* End XCConfigurationList section */
	};
	rootObject = 8B58B3E71CDA0863008F6C35 /* Project object */;
}
